
Microsoft Visual Studio Solution File, Format Version 12.00
Project("{FAE04EC0-301F-11D3-BF4B-00C04F79EFBC}") = "SGF-System", "SGF-System\SGF-System.csproj", "{E4E6FDB9-5D06-487F-8659-08010AA1FE79}"
EndProject
Global
	GlobalSection(SolutionConfigurationPlatforms) = preSolution
		Debug|Any CPU = Debug|Any CPU
		Release|Any CPU = Release|Any CPU
	EndGlobalSection
	GlobalSection(ProjectConfigurationPlatforms) = postSolution
		{E4E6FDB9-5D06-487F-8659-08010AA1FE79}.Debug|Any CPU.ActiveCfg = Debug|Any CPU
		{E4E6FDB9-5D06-487F-8659-08010AA1FE79}.Debug|Any CPU.Build.0 = Debug|Any CPU
		{E4E6FDB9-5D06-487F-8659-08010AA1FE79}.Release|Any CPU.ActiveCfg = Release|Any CPU
		{E4E6FDB9-5D06-487F-8659-08010AA1FE79}.Release|Any CPU.Build.0 = Release|Any CPU
	EndGlobalSection
EndGlobal
